<Solution>
  <Folder Name="/BuildingBlocks/">
    <Project Path="BuildingBlocks/BuildingBlocks/BuildingBlocks.csproj" Id="b0acee99-48f8-43b0-bc3a-42f9c89b7f92" />
  </Folder>
  <Folder Name="/Services/" />
  <Folder Name="/Services/Catalog/">
    <Project Path="Services/Catalog/CatalogAPI/CatalogAPI.csproj" Id="bd6c3352-9872-4e80-8979-0af37c9972d1" />
  </Folder>
</Solution>
